
Microsoft Visual Studio Solution File, Format Version 12.00
# Visual Studio Version 17
VisualStudioVersion = 17.11.35327.3
MinimumVisualStudioVersion = 10.0.40219.1
Project("{FAE04EC0-301F-11D3-BF4B-00C04F79EFBC}") = "SkillBridge", "SkillBridge.csproj", "{5AB065E2-A9F7-42A7-BD09-11509E48037A}"
EndProject
Global
	GlobalSection(SolutionConfigurationPlatforms) = preSolution
		Debug|Any CPU = Debug|Any CPU
		Release|Any CPU = Release|Any CPU
	EndGlobalSection
	GlobalSection(ProjectConfigurationPlatforms) = postSolution
		{5AB065E2-A9F7-42A7-BD09-11509E48037A}.Debug|Any CPU.ActiveCfg = Debug|Any CPU
		{5AB065E2-A9F7-42A7-BD09-11509E48037A}.Debug|Any CPU.Build.0 = Debug|Any CPU
		{5AB065E2-A9F7-42A7-BD09-11509E48037A}.Release|Any CPU.ActiveCfg = Release|Any CPU
		{5AB065E2-A9F7-42A7-BD09-11509E48037A}.Release|Any CPU.Build.0 = Release|Any CPU
	EndGlobalSection
	GlobalSection(SolutionProperties) = preSolution
		HideSolutionNode = FALSE
	EndGlobalSection
	GlobalSection(ExtensibilityGlobals) = postSolution
		SolutionGuid = {75EDFA58-39D0-492E-BB90-DEEEB39F6B8A}
	EndGlobalSection
EndGlobal
